
Microsoft Visual Studio Solution File, Format Version 12.00
# Visual Studio Version 16
VisualStudioVersion = 16.0.30225.117
MinimumVisualStudioVersion = 10.0.40219.1
Project("{FAE04EC0-301F-11D3-BF4B-00C04F79EFBC}") = "CRUD_AITS_OT", "CRUD_AITS_OT\CRUD_AITS_OT.csproj", "{19DF25B2-3B80-4453-91AB-FFF61711E7BC}"
EndProject
Global
	GlobalSection(SolutionConfigurationPlatforms) = preSolution
		Debug|Any CPU = Debug|Any CPU
		Release|Any CPU = Release|Any CPU
	EndGlobalSection
	GlobalSection(ProjectConfigurationPlatforms) = postSolution
		{19DF25B2-3B80-4453-91AB-FFF61711E7BC}.Debug|Any CPU.ActiveCfg = Debug|Any CPU
		{19DF25B2-3B80-4453-91AB-FFF61711E7BC}.Debug|Any CPU.Build.0 = Debug|Any CPU
		{19DF25B2-3B80-4453-91AB-FFF61711E7BC}.Release|Any CPU.ActiveCfg = Release|Any CPU
		{19DF25B2-3B80-4453-91AB-FFF61711E7BC}.Release|Any CPU.Build.0 = Release|Any CPU
	EndGlobalSection
	GlobalSection(SolutionProperties) = preSolution
		HideSolutionNode = FALSE
	EndGlobalSection
	GlobalSection(ExtensibilityGlobals) = postSolution
		SolutionGuid = {F70EAD38-1119-4D3A-9F6D-B1E89BB9E863}
	EndGlobalSection
EndGlobal
